
Microsoft Visual Studio Solution File, Format Version 12.00
# Visual Studio Version 16
VisualStudioVersion = 16.0.29613.14
MinimumVisualStudioVersion = 10.0.40219.1
Project("{2150E333-8FDC-42A3-9474-1A3956D46DE8}") = "Solution Items", "Solution Items", "{7CAD804A-DFCD-4D6E-928B-7C53A590E909}"
	ProjectSection(SolutionItems) = preProject
		.editorconfig = .editorconfig
		.gitignore = .gitignore
		LICENSE = LICENSE
		README.md = README.md
	EndProjectSection
EndProject
Project("{2150E333-8FDC-42A3-9474-1A3956D46DE8}") = "src", "src", "{85182CB1-FE41-4D06-A3DF-698C5C338E50}"
EndProject
Project("{2150E333-8FDC-42A3-9474-1A3956D46DE8}") = "tests", "tests", "{19B3E175-4F96-49E7-A1AB-5D95D22AD76B}"
EndProject
Project("{9A19103F-16F7-4668-BE54-9A1E7A4F7556}") = "NoteTaker.Domain", "src\NoteTaker.Domain\NoteTaker.Domain.csproj", "{D0F490BD-92FA-44A8-9805-0BB4945236FC}"
EndProject
Project("{2150E333-8FDC-42A3-9474-1A3956D46DE8}") = "client", "client", "{4E4E58CF-DFFD-4F98-BB58-D68AEEBAE87F}"
EndProject
Project("{9A19103F-16F7-4668-BE54-9A1E7A4F7556}") = "NoteTaker.Domain.UnitTests", "tests\NoteTaker.Domain.UnitTests\NoteTaker.Domain.UnitTests.csproj", "{A599493B-25DA-45B4-9FD4-FB644DA9C668}"
EndProject
Project("{D954291E-2A0B-460D-934E-DC6B0785DB48}") = "NoteTaker.Client.Shared", "src\client\NoteTaker.Client\NoteTaker.Client.Shared\NoteTaker.Client.Shared.shproj", "{6279C845-92F8-4333-AB99-3D213163593C}"
EndProject
Project("{FAE04EC0-301F-11D3-BF4B-00C04F79EFBC}") = "NoteTaker.Client.Droid", "src\client\NoteTaker.Client\NoteTaker.Client.Droid\NoteTaker.Client.Droid.csproj", "{CD6C1ABA-AEC8-46D3-AEB3-994C5D1BD3CC}"
EndProject
Project("{FAE04EC0-301F-11D3-BF4B-00C04F79EFBC}") = "NoteTaker.Client.iOS", "src\client\NoteTaker.Client\NoteTaker.Client.iOS\NoteTaker.Client.iOS.csproj", "{F39E1D7D-6BDD-4E49-ABC4-B8EC3E41E9E2}"
EndProject
Project("{FAE04EC0-301F-11D3-BF4B-00C04F79EFBC}") = "NoteTaker.Client.UWP", "src\client\NoteTaker.Client\NoteTaker.Client.UWP\NoteTaker.Client.UWP.csproj", "{2E0E8C8B-2AD8-41F3-BF6D-03AAE31C4BF1}"
EndProject
Project("{9A19103F-16F7-4668-BE54-9A1E7A4F7556}") = "NoteTaker.Client.Wasm", "src\client\NoteTaker.Client\NoteTaker.Client.Wasm\NoteTaker.Client.Wasm.csproj", "{C65B8CA0-A5F5-4EF8-A788-69309A612E81}"
EndProject
Global
	GlobalSection(SharedMSBuildProjectFiles) = preSolution
		src\client\NoteTaker.Client\NoteTaker.Client.Shared\NoteTaker.Client.Shared.projitems*{2e0e8c8b-2ad8-41f3-bf6d-03aae31c4bf1}*SharedItemsImports = 4
		src\client\NoteTaker.Client\NoteTaker.Client.Shared\NoteTaker.Client.Shared.projitems*{6279c845-92f8-4333-ab99-3d213163593c}*SharedItemsImports = 13
		src\client\NoteTaker.Client\NoteTaker.Client.Shared\NoteTaker.Client.Shared.projitems*{cd6c1aba-aec8-46d3-aeb3-994c5d1bd3cc}*SharedItemsImports = 4
		src\client\NoteTaker.Client\NoteTaker.Client.Shared\NoteTaker.Client.Shared.projitems*{f39e1d7d-6bdd-4e49-abc4-b8ec3e41e9e2}*SharedItemsImports = 4
	EndGlobalSection
	GlobalSection(SolutionConfigurationPlatforms) = preSolution
		Ad-Hoc|Any CPU = Ad-Hoc|Any CPU
		Ad-Hoc|ARM = Ad-Hoc|ARM
		Ad-Hoc|iPhone = Ad-Hoc|iPhone
		Ad-Hoc|iPhoneSimulator = Ad-Hoc|iPhoneSimulator
		Ad-Hoc|x64 = Ad-Hoc|x64
		Ad-Hoc|x86 = Ad-Hoc|x86
		AppStore|Any CPU = AppStore|Any CPU
		AppStore|ARM = AppStore|ARM
		AppStore|iPhone = AppStore|iPhone
		AppStore|iPhoneSimulator = AppStore|iPhoneSimulator
		AppStore|x64 = AppStore|x64
		AppStore|x86 = AppStore|x86
		Debug|Any CPU = Debug|Any CPU
		Debug|ARM = Debug|ARM
		Debug|iPhone = Debug|iPhone
		Debug|iPhoneSimulator = Debug|iPhoneSimulator
		Debug|x64 = Debug|x64
		Debug|x86 = Debug|x86
		Release|Any CPU = Release|Any CPU
		Release|ARM = Release|ARM
		Release|iPhone = Release|iPhone
		Release|iPhoneSimulator = Release|iPhoneSimulator
		Release|x64 = Release|x64
		Release|x86 = Release|x86
	EndGlobalSection
	GlobalSection(ProjectConfigurationPlatforms) = postSolution
		{D0F490BD-92FA-44A8-9805-0BB4945236FC}.Ad-Hoc|Any CPU.ActiveCfg = Release|Any CPU
		{D0F490BD-92FA-44A8-9805-0BB4945236FC}.Ad-Hoc|Any CPU.Build.0 = Release|Any CPU
		{D0F490BD-92FA-44A8-9805-0BB4945236FC}.Ad-Hoc|ARM.ActiveCfg = Release|Any CPU
		{D0F490BD-92FA-44A8-9805-0BB4945236FC}.Ad-Hoc|ARM.Build.0 = Release|Any CPU
		{D0F490BD-92FA-44A8-9805-0BB4945236FC}.Ad-Hoc|iPhone.ActiveCfg = Release|Any CPU
		{D0F490BD-92FA-44A8-9805-0BB4945236FC}.Ad-Hoc|iPhone.Build.0 = Release|Any CPU
		{D0F490BD-92FA-44A8-9805-0BB4945236FC}.Ad-Hoc|iPhoneSimulator.ActiveCfg = Release|Any CPU
		{D0F490BD-92FA-44A8-9805-0BB4945236FC}.Ad-Hoc|iPhoneSimulator.Build.0 = Release|Any CPU
		{D0F490BD-92FA-44A8-9805-0BB4945236FC}.Ad-Hoc|x64.ActiveCfg = Release|Any CPU
		{D0F490BD-92FA-44A8-9805-0BB4945236FC}.Ad-Hoc|x64.Build.0 = Release|Any CPU
		{D0F490BD-92FA-44A8-9805-0BB4945236FC}.Ad-Hoc|x86.ActiveCfg = Release|Any CPU
		{D0F490BD-92FA-44A8-9805-0BB4945236FC}.Ad-Hoc|x86.Build.0 = Release|Any CPU
		{D0F490BD-92FA-44A8-9805-0BB4945236FC}.AppStore|Any CPU.ActiveCfg = Release|Any CPU
		{D0F490BD-92FA-44A8-9805-0BB4945236FC}.AppStore|Any CPU.Build.0 = Release|Any CPU
		{D0F490BD-92FA-44A8-9805-0BB4945236FC}.AppStore|ARM.ActiveCfg = Release|Any CPU
		{D0F490BD-92FA-44A8-9805-0BB4945236FC}.AppStore|ARM.Build.0 = Release|Any CPU
		{D0F490BD-92FA-44A8-9805-0BB4945236FC}.AppStore|iPhone.ActiveCfg = Release|Any CPU
		{D0F490BD-92FA-44A8-9805-0BB4945236FC}.AppStore|iPhone.Build.0 = Release|Any CPU
		{D0F490BD-92FA-44A8-9805-0BB4945236FC}.AppStore|iPhoneSimulator.ActiveCfg = Release|Any CPU
		{D0F490BD-92FA-44A8-9805-0BB4945236FC}.AppStore|iPhoneSimulator.Build.0 = Release|Any CPU
		{D0F490BD-92FA-44A8-9805-0BB4945236FC}.AppStore|x64.ActiveCfg = Release|Any CPU
		{D0F490BD-92FA-44A8-9805-0BB4945236FC}.AppStore|x64.Build.0 = Release|Any CPU
		{D0F490BD-92FA-44A8-9805-0BB4945236FC}.AppStore|x86.ActiveCfg = Release|Any CPU
		{D0F490BD-92FA-44A8-9805-0BB4945236FC}.AppStore|x86.Build.0 = Release|Any CPU
		{D0F490BD-92FA-44A8-9805-0BB4945236FC}.Debug|Any CPU.ActiveCfg = Debug|Any CPU
		{D0F490BD-92FA-44A8-9805-0BB4945236FC}.Debug|Any CPU.Build.0 = Debug|Any CPU
		{D0F490BD-92FA-44A8-9805-0BB4945236FC}.Debug|ARM.ActiveCfg = Debug|Any CPU
		{D0F490BD-92FA-44A8-9805-0BB4945236FC}.Debug|ARM.Build.0 = Debug|Any CPU
		{D0F490BD-92FA-44A8-9805-0BB4945236FC}.Debug|iPhone.ActiveCfg = Debug|Any CPU
		{D0F490BD-92FA-44A8-9805-0BB4945236FC}.Debug|iPhone.Build.0 = Debug|Any CPU
		{D0F490BD-92FA-44A8-9805-0BB4945236FC}.Debug|iPhoneSimulator.ActiveCfg = Debug|Any CPU
		{D0F490BD-92FA-44A8-9805-0BB4945236FC}.Debug|iPhoneSimulator.Build.0 = Debug|Any CPU
		{D0F490BD-92FA-44A8-9805-0BB4945236FC}.Debug|x64.ActiveCfg = Debug|Any CPU
		{D0F490BD-92FA-44A8-9805-0BB4945236FC}.Debug|x64.Build.0 = Debug|Any CPU
		{D0F490BD-92FA-44A8-9805-0BB4945236FC}.Debug|x86.ActiveCfg = Debug|Any CPU
		{D0F490BD-92FA-44A8-9805-0BB4945236FC}.Debug|x86.Build.0 = Debug|Any CPU
		{D0F490BD-92FA-44A8-9805-0BB4945236FC}.Release|Any CPU.ActiveCfg = Release|Any CPU
		{D0F490BD-92FA-44A8-9805-0BB4945236FC}.Release|Any CPU.Build.0 = Release|Any CPU
		{D0F490BD-92FA-44A8-9805-0BB4945236FC}.Release|ARM.ActiveCfg = Release|Any CPU
		{D0F490BD-92FA-44A8-9805-0BB4945236FC}.Release|ARM.Build.0 = Release|Any CPU
		{D0F490BD-92FA-44A8-9805-0BB4945236FC}.Release|iPhone.ActiveCfg = Release|Any CPU
		{D0F490BD-92FA-44A8-9805-0BB4945236FC}.Release|iPhone.Build.0 = Release|Any CPU
		{D0F490BD-92FA-44A8-9805-0BB4945236FC}.Release|iPhoneSimulator.ActiveCfg = Release|Any CPU
		{D0F490BD-92FA-44A8-9805-0BB4945236FC}.Release|iPhoneSimulator.Build.0 = Release|Any CPU
		{D0F490BD-92FA-44A8-9805-0BB4945236FC}.Release|x64.ActiveCfg = Release|Any CPU
		{D0F490BD-92FA-44A8-9805-0BB4945236FC}.Release|x64.Build.0 = Release|Any CPU
		{D0F490BD-92FA-44A8-9805-0BB4945236FC}.Release|x86.ActiveCfg = Release|Any CPU
		{D0F490BD-92FA-44A8-9805-0BB4945236FC}.Release|x86.Build.0 = Release|Any CPU
		{A599493B-25DA-45B4-9FD4-FB644DA9C668}.Ad-Hoc|Any CPU.ActiveCfg = Release|Any CPU
		{A599493B-25DA-45B4-9FD4-FB644DA9C668}.Ad-Hoc|Any CPU.Build.0 = Release|Any CPU
		{A599493B-25DA-45B4-9FD4-FB644DA9C668}.Ad-Hoc|ARM.ActiveCfg = Release|Any CPU
		{A599493B-25DA-45B4-9FD4-FB644DA9C668}.Ad-Hoc|ARM.Build.0 = Release|Any CPU
		{A599493B-25DA-45B4-9FD4-FB644DA9C668}.Ad-Hoc|iPhone.ActiveCfg = Release|Any CPU
		{A599493B-25DA-45B4-9FD4-FB644DA9C668}.Ad-Hoc|iPhone.Build.0 = Release|Any CPU
		{A599493B-25DA-45B4-9FD4-FB644DA9C668}.Ad-Hoc|iPhoneSimulator.ActiveCfg = Release|Any CPU
		{A599493B-25DA-45B4-9FD4-FB644DA9C668}.Ad-Hoc|iPhoneSimulator.Build.0 = Release|Any CPU
		{A599493B-25DA-45B4-9FD4-FB644DA9C668}.Ad-Hoc|x64.ActiveCfg = Release|Any CPU
		{A599493B-25DA-45B4-9FD4-FB644DA9C668}.Ad-Hoc|x64.Build.0 = Release|Any CPU
		{A599493B-25DA-45B4-9FD4-FB644DA9C668}.Ad-Hoc|x86.ActiveCfg = Release|Any CPU
		{A599493B-25DA-45B4-9FD4-FB644DA9C668}.Ad-Hoc|x86.Build.0 = Release|Any CPU
		{A599493B-25DA-45B4-9FD4-FB644DA9C668}.AppStore|Any CPU.ActiveCfg = Release|Any CPU
		{A599493B-25DA-45B4-9FD4-FB644DA9C668}.AppStore|Any CPU.Build.0 = Release|Any CPU
		{A599493B-25DA-45B4-9FD4-FB644DA9C668}.AppStore|ARM.ActiveCfg = Release|Any CPU
		{A599493B-25DA-45B4-9FD4-FB644DA9C668}.AppStore|ARM.Build.0 = Release|Any CPU
		{A599493B-25DA-45B4-9FD4-FB644DA9C668}.AppStore|iPhone.ActiveCfg = Release|Any CPU
		{A599493B-25DA-45B4-9FD4-FB644DA9C668}.AppStore|iPhone.Build.0 = Release|Any CPU
		{A599493B-25DA-45B4-9FD4-FB644DA9C668}.AppStore|iPhoneSimulator.ActiveCfg = Release|Any CPU
		{A599493B-25DA-45B4-9FD4-FB644DA9C668}.AppStore|iPhoneSimulator.Build.0 = Release|Any CPU
		{A599493B-25DA-45B4-9FD4-FB644DA9C668}.AppStore|x64.ActiveCfg = Release|Any CPU
		{A599493B-25DA-45B4-9FD4-FB644DA9C668}.AppStore|x64.Build.0 = Release|Any CPU
		{A599493B-25DA-45B4-9FD4-FB644DA9C668}.AppStore|x86.ActiveCfg = Release|Any CPU
		{A599493B-25DA-45B4-9FD4-FB644DA9C668}.AppStore|x86.Build.0 = Release|Any CPU
		{A599493B-25DA-45B4-9FD4-FB644DA9C668}.Debug|Any CPU.ActiveCfg = Debug|Any CPU
		{A599493B-25DA-45B4-9FD4-FB644DA9C668}.Debug|Any CPU.Build.0 = Debug|Any CPU
		{A599493B-25DA-45B4-9FD4-FB644DA9C668}.Debug|ARM.ActiveCfg = Debug|Any CPU
		{A599493B-25DA-45B4-9FD4-FB644DA9C668}.Debug|ARM.Build.0 = Debug|Any CPU
		{A599493B-25DA-45B4-9FD4-FB644DA9C668}.Debug|iPhone.ActiveCfg = Debug|Any CPU
		{A599493B-25DA-45B4-9FD4-FB644DA9C668}.Debug|iPhone.Build.0 = Debug|Any CPU
		{A599493B-25DA-45B4-9FD4-FB644DA9C668}.Debug|iPhoneSimulator.ActiveCfg = Debug|Any CPU
		{A599493B-25DA-45B4-9FD4-FB644DA9C668}.Debug|iPhoneSimulator.Build.0 = Debug|Any CPU
		{A599493B-25DA-45B4-9FD4-FB644DA9C668}.Debug|x64.ActiveCfg = Debug|Any CPU
		{A599493B-25DA-45B4-9FD4-FB644DA9C668}.Debug|x64.Build.0 = Debug|Any CPU
		{A599493B-25DA-45B4-9FD4-FB644DA9C668}.Debug|x86.ActiveCfg = Debug|Any CPU
		{A599493B-25DA-45B4-9FD4-FB644DA9C668}.Debug|x86.Build.0 = Debug|Any CPU
		{A599493B-25DA-45B4-9FD4-FB644DA9C668}.Release|Any CPU.ActiveCfg = Release|Any CPU
		{A599493B-25DA-45B4-9FD4-FB644DA9C668}.Release|Any CPU.Build.0 = Release|Any CPU
		{A599493B-25DA-45B4-9FD4-FB644DA9C668}.Release|ARM.ActiveCfg = Release|Any CPU
		{A599493B-25DA-45B4-9FD4-FB644DA9C668}.Release|ARM.Build.0 = Release|Any CPU
		{A599493B-25DA-45B4-9FD4-FB644DA9C668}.Release|iPhone.ActiveCfg = Release|Any CPU
		{A599493B-25DA-45B4-9FD4-FB644DA9C668}.Release|iPhone.Build.0 = Release|Any CPU
		{A599493B-25DA-45B4-9FD4-FB644DA9C668}.Release|iPhoneSimulator.ActiveCfg = Release|Any CPU
		{A599493B-25DA-45B4-9FD4-FB644DA9C668}.Release|iPhoneSimulator.Build.0 = Release|Any CPU
		{A599493B-25DA-45B4-9FD4-FB644DA9C668}.Release|x64.ActiveCfg = Release|Any CPU
		{A599493B-25DA-45B4-9FD4-FB644DA9C668}.Release|x64.Build.0 = Release|Any CPU
		{A599493B-25DA-45B4-9FD4-FB644DA9C668}.Release|x86.ActiveCfg = Release|Any CPU
		{A599493B-25DA-45B4-9FD4-FB644DA9C668}.Release|x86.Build.0 = Release|Any CPU
		{CD6C1ABA-AEC8-46D3-AEB3-994C5D1BD3CC}.Ad-Hoc|Any CPU.ActiveCfg = Release|Any CPU
		{CD6C1ABA-AEC8-46D3-AEB3-994C5D1BD3CC}.Ad-Hoc|Any CPU.Build.0 = Release|Any CPU
		{CD6C1ABA-AEC8-46D3-AEB3-994C5D1BD3CC}.Ad-Hoc|Any CPU.Deploy.0 = Release|Any CPU
		{CD6C1ABA-AEC8-46D3-AEB3-994C5D1BD3CC}.Ad-Hoc|ARM.ActiveCfg = Release|Any CPU
		{CD6C1ABA-AEC8-46D3-AEB3-994C5D1BD3CC}.Ad-Hoc|ARM.Build.0 = Release|Any CPU
		{CD6C1ABA-AEC8-46D3-AEB3-994C5D1BD3CC}.Ad-Hoc|ARM.Deploy.0 = Release|Any CPU
		{CD6C1ABA-AEC8-46D3-AEB3-994C5D1BD3CC}.Ad-Hoc|iPhone.ActiveCfg = Release|Any CPU
		{CD6C1ABA-AEC8-46D3-AEB3-994C5D1BD3CC}.Ad-Hoc|iPhone.Build.0 = Release|Any CPU
		{CD6C1ABA-AEC8-46D3-AEB3-994C5D1BD3CC}.Ad-Hoc|iPhone.Deploy.0 = Release|Any CPU
		{CD6C1ABA-AEC8-46D3-AEB3-994C5D1BD3CC}.Ad-Hoc|iPhoneSimulator.ActiveCfg = Release|Any CPU
		{CD6C1ABA-AEC8-46D3-AEB3-994C5D1BD3CC}.Ad-Hoc|iPhoneSimulator.Build.0 = Release|Any CPU
		{CD6C1ABA-AEC8-46D3-AEB3-994C5D1BD3CC}.Ad-Hoc|iPhoneSimulator.Deploy.0 = Release|Any CPU
		{CD6C1ABA-AEC8-46D3-AEB3-994C5D1BD3CC}.Ad-Hoc|x64.ActiveCfg = Release|Any CPU
		{CD6C1ABA-AEC8-46D3-AEB3-994C5D1BD3CC}.Ad-Hoc|x64.Build.0 = Release|Any CPU
		{CD6C1ABA-AEC8-46D3-AEB3-994C5D1BD3CC}.Ad-Hoc|x64.Deploy.0 = Release|Any CPU
		{CD6C1ABA-AEC8-46D3-AEB3-994C5D1BD3CC}.Ad-Hoc|x86.ActiveCfg = Release|Any CPU
		{CD6C1ABA-AEC8-46D3-AEB3-994C5D1BD3CC}.Ad-Hoc|x86.Build.0 = Release|Any CPU
		{CD6C1ABA-AEC8-46D3-AEB3-994C5D1BD3CC}.Ad-Hoc|x86.Deploy.0 = Release|Any CPU
		{CD6C1ABA-AEC8-46D3-AEB3-994C5D1BD3CC}.AppStore|Any CPU.ActiveCfg = Release|Any CPU
		{CD6C1ABA-AEC8-46D3-AEB3-994C5D1BD3CC}.AppStore|Any CPU.Build.0 = Release|Any CPU
		{CD6C1ABA-AEC8-46D3-AEB3-994C5D1BD3CC}.AppStore|Any CPU.Deploy.0 = Release|Any CPU
		{CD6C1ABA-AEC8-46D3-AEB3-994C5D1BD3CC}.AppStore|ARM.ActiveCfg = Release|Any CPU
		{CD6C1ABA-AEC8-46D3-AEB3-994C5D1BD3CC}.AppStore|ARM.Build.0 = Release|Any CPU
		{CD6C1ABA-AEC8-46D3-AEB3-994C5D1BD3CC}.AppStore|ARM.Deploy.0 = Release|Any CPU
		{CD6C1ABA-AEC8-46D3-AEB3-994C5D1BD3CC}.AppStore|iPhone.ActiveCfg = Release|Any CPU
		{CD6C1ABA-AEC8-46D3-AEB3-994C5D1BD3CC}.AppStore|iPhone.Build.0 = Release|Any CPU
		{CD6C1ABA-AEC8-46D3-AEB3-994C5D1BD3CC}.AppStore|iPhone.Deploy.0 = Release|Any CPU
		{CD6C1ABA-AEC8-46D3-AEB3-994C5D1BD3CC}.AppStore|iPhoneSimulator.ActiveCfg = Release|Any CPU
		{CD6C1ABA-AEC8-46D3-AEB3-994C5D1BD3CC}.AppStore|iPhoneSimulator.Build.0 = Release|Any CPU
		{CD6C1ABA-AEC8-46D3-AEB3-994C5D1BD3CC}.AppStore|iPhoneSimulator.Deploy.0 = Release|Any CPU
		{CD6C1ABA-AEC8-46D3-AEB3-994C5D1BD3CC}.AppStore|x64.ActiveCfg = Release|Any CPU
		{CD6C1ABA-AEC8-46D3-AEB3-994C5D1BD3CC}.AppStore|x64.Build.0 = Release|Any CPU
		{CD6C1ABA-AEC8-46D3-AEB3-994C5D1BD3CC}.AppStore|x64.Deploy.0 = Release|Any CPU
		{CD6C1ABA-AEC8-46D3-AEB3-994C5D1BD3CC}.AppStore|x86.ActiveCfg = Release|Any CPU
		{CD6C1ABA-AEC8-46D3-AEB3-994C5D1BD3CC}.AppStore|x86.Build.0 = Release|Any CPU
		{CD6C1ABA-AEC8-46D3-AEB3-994C5D1BD3CC}.AppStore|x86.Deploy.0 = Release|Any CPU
		{CD6C1ABA-AEC8-46D3-AEB3-994C5D1BD3CC}.Debug|Any CPU.ActiveCfg = Debug|Any CPU
		{CD6C1ABA-AEC8-46D3-AEB3-994C5D1BD3CC}.Debug|Any CPU.Build.0 = Debug|Any CPU
		{CD6C1ABA-AEC8-46D3-AEB3-994C5D1BD3CC}.Debug|Any CPU.Deploy.0 = Debug|Any CPU
		{CD6C1ABA-AEC8-46D3-AEB3-994C5D1BD3CC}.Debug|ARM.ActiveCfg = Debug|Any CPU
		{CD6C1ABA-AEC8-46D3-AEB3-994C5D1BD3CC}.Debug|ARM.Build.0 = Debug|Any CPU
		{CD6C1ABA-AEC8-46D3-AEB3-994C5D1BD3CC}.Debug|ARM.Deploy.0 = Debug|Any CPU
		{CD6C1ABA-AEC8-46D3-AEB3-994C5D1BD3CC}.Debug|iPhone.ActiveCfg = Debug|Any CPU
		{CD6C1ABA-AEC8-46D3-AEB3-994C5D1BD3CC}.Debug|iPhone.Build.0 = Debug|Any CPU
		{CD6C1ABA-AEC8-46D3-AEB3-994C5D1BD3CC}.Debug|iPhone.Deploy.0 = Debug|Any CPU
		{CD6C1ABA-AEC8-46D3-AEB3-994C5D1BD3CC}.Debug|iPhoneSimulator.ActiveCfg = Debug|Any CPU
		{CD6C1ABA-AEC8-46D3-AEB3-994C5D1BD3CC}.Debug|iPhoneSimulator.Build.0 = Debug|Any CPU
		{CD6C1ABA-AEC8-46D3-AEB3-994C5D1BD3CC}.Debug|iPhoneSimulator.Deploy.0 = Debug|Any CPU
		{CD6C1ABA-AEC8-46D3-AEB3-994C5D1BD3CC}.Debug|x64.ActiveCfg = Debug|Any CPU
		{CD6C1ABA-AEC8-46D3-AEB3-994C5D1BD3CC}.Debug|x64.Build.0 = Debug|Any CPU
		{CD6C1ABA-AEC8-46D3-AEB3-994C5D1BD3CC}.Debug|x64.Deploy.0 = Debug|Any CPU
		{CD6C1ABA-AEC8-46D3-AEB3-994C5D1BD3CC}.Debug|x86.ActiveCfg = Debug|Any CPU
		{CD6C1ABA-AEC8-46D3-AEB3-994C5D1BD3CC}.Debug|x86.Build.0 = Debug|Any CPU
		{CD6C1ABA-AEC8-46D3-AEB3-994C5D1BD3CC}.Debug|x86.Deploy.0 = Debug|Any CPU
		{CD6C1ABA-AEC8-46D3-AEB3-994C5D1BD3CC}.Release|Any CPU.ActiveCfg = Release|Any CPU
		{CD6C1ABA-AEC8-46D3-AEB3-994C5D1BD3CC}.Release|Any CPU.Build.0 = Release|Any CPU
		{CD6C1ABA-AEC8-46D3-AEB3-994C5D1BD3CC}.Release|Any CPU.Deploy.0 = Release|Any CPU
		{CD6C1ABA-AEC8-46D3-AEB3-994C5D1BD3CC}.Release|ARM.ActiveCfg = Release|Any CPU
		{CD6C1ABA-AEC8-46D3-AEB3-994C5D1BD3CC}.Release|ARM.Build.0 = Release|Any CPU
		{CD6C1ABA-AEC8-46D3-AEB3-994C5D1BD3CC}.Release|ARM.Deploy.0 = Release|Any CPU
		{CD6C1ABA-AEC8-46D3-AEB3-994C5D1BD3CC}.Release|iPhone.ActiveCfg = Release|Any CPU
		{CD6C1ABA-AEC8-46D3-AEB3-994C5D1BD3CC}.Release|iPhone.Build.0 = Release|Any CPU
		{CD6C1ABA-AEC8-46D3-AEB3-994C5D1BD3CC}.Release|iPhone.Deploy.0 = Release|Any CPU
		{CD6C1ABA-AEC8-46D3-AEB3-994C5D1BD3CC}.Release|iPhoneSimulator.ActiveCfg = Release|Any CPU
		{CD6C1ABA-AEC8-46D3-AEB3-994C5D1BD3CC}.Release|iPhoneSimulator.Build.0 = Release|Any CPU
		{CD6C1ABA-AEC8-46D3-AEB3-994C5D1BD3CC}.Release|iPhoneSimulator.Deploy.0 = Release|Any CPU
		{CD6C1ABA-AEC8-46D3-AEB3-994C5D1BD3CC}.Release|x64.ActiveCfg = Release|Any CPU
		{CD6C1ABA-AEC8-46D3-AEB3-994C5D1BD3CC}.Release|x64.Build.0 = Release|Any CPU
		{CD6C1ABA-AEC8-46D3-AEB3-994C5D1BD3CC}.Release|x64.Deploy.0 = Release|Any CPU
		{CD6C1ABA-AEC8-46D3-AEB3-994C5D1BD3CC}.Release|x86.ActiveCfg = Release|Any CPU
		{CD6C1ABA-AEC8-46D3-AEB3-994C5D1BD3CC}.Release|x86.Build.0 = Release|Any CPU
		{CD6C1ABA-AEC8-46D3-AEB3-994C5D1BD3CC}.Release|x86.Deploy.0 = Release|Any CPU
		{F39E1D7D-6BDD-4E49-ABC4-B8EC3E41E9E2}.Ad-Hoc|Any CPU.ActiveCfg = Ad-Hoc|iPhone
		{F39E1D7D-6BDD-4E49-ABC4-B8EC3E41E9E2}.Ad-Hoc|ARM.ActiveCfg = Ad-Hoc|iPhone
		{F39E1D7D-6BDD-4E49-ABC4-B8EC3E41E9E2}.Ad-Hoc|iPhone.ActiveCfg = Ad-Hoc|iPhone
		{F39E1D7D-6BDD-4E49-ABC4-B8EC3E41E9E2}.Ad-Hoc|iPhone.Build.0 = Ad-Hoc|iPhone
		{F39E1D7D-6BDD-4E49-ABC4-B8EC3E41E9E2}.Ad-Hoc|iPhoneSimulator.ActiveCfg = Ad-Hoc|iPhoneSimulator
		{F39E1D7D-6BDD-4E49-ABC4-B8EC3E41E9E2}.Ad-Hoc|iPhoneSimulator.Build.0 = Ad-Hoc|iPhoneSimulator
		{F39E1D7D-6BDD-4E49-ABC4-B8EC3E41E9E2}.Ad-Hoc|x64.ActiveCfg = Ad-Hoc|iPhone
		{F39E1D7D-6BDD-4E49-ABC4-B8EC3E41E9E2}.Ad-Hoc|x86.ActiveCfg = Ad-Hoc|iPhone
		{F39E1D7D-6BDD-4E49-ABC4-B8EC3E41E9E2}.AppStore|Any CPU.ActiveCfg = AppStore|iPhone
		{F39E1D7D-6BDD-4E49-ABC4-B8EC3E41E9E2}.AppStore|ARM.ActiveCfg = AppStore|iPhone
		{F39E1D7D-6BDD-4E49-ABC4-B8EC3E41E9E2}.AppStore|iPhone.ActiveCfg = AppStore|iPhone
		{F39E1D7D-6BDD-4E49-ABC4-B8EC3E41E9E2}.AppStore|iPhone.Build.0 = AppStore|iPhone
		{F39E1D7D-6BDD-4E49-ABC4-B8EC3E41E9E2}.AppStore|iPhoneSimulator.ActiveCfg = AppStore|iPhoneSimulator
		{F39E1D7D-6BDD-4E49-ABC4-B8EC3E41E9E2}.AppStore|iPhoneSimulator.Build.0 = AppStore|iPhoneSimulator
		{F39E1D7D-6BDD-4E49-ABC4-B8EC3E41E9E2}.AppStore|x64.ActiveCfg = AppStore|iPhone
		{F39E1D7D-6BDD-4E49-ABC4-B8EC3E41E9E2}.AppStore|x86.ActiveCfg = AppStore|iPhone
		{F39E1D7D-6BDD-4E49-ABC4-B8EC3E41E9E2}.Debug|Any CPU.ActiveCfg = Debug|iPhone
		{F39E1D7D-6BDD-4E49-ABC4-B8EC3E41E9E2}.Debug|ARM.ActiveCfg = Debug|iPhone
		{F39E1D7D-6BDD-4E49-ABC4-B8EC3E41E9E2}.Debug|iPhone.ActiveCfg = Debug|iPhone
		{F39E1D7D-6BDD-4E49-ABC4-B8EC3E41E9E2}.Debug|iPhone.Build.0 = Debug|iPhone
		{F39E1D7D-6BDD-4E49-ABC4-B8EC3E41E9E2}.Debug|iPhoneSimulator.ActiveCfg = Debug|iPhoneSimulator
		{F39E1D7D-6BDD-4E49-ABC4-B8EC3E41E9E2}.Debug|iPhoneSimulator.Build.0 = Debug|iPhoneSimulator
		{F39E1D7D-6BDD-4E49-ABC4-B8EC3E41E9E2}.Debug|x64.ActiveCfg = Debug|iPhone
		{F39E1D7D-6BDD-4E49-ABC4-B8EC3E41E9E2}.Debug|x86.ActiveCfg = Debug|iPhone
		{F39E1D7D-6BDD-4E49-ABC4-B8EC3E41E9E2}.Release|Any CPU.ActiveCfg = Release|iPhone
		{F39E1D7D-6BDD-4E49-ABC4-B8EC3E41E9E2}.Release|ARM.ActiveCfg = Release|iPhone
		{F39E1D7D-6BDD-4E49-ABC4-B8EC3E41E9E2}.Release|iPhone.ActiveCfg = Release|iPhone
		{F39E1D7D-6BDD-4E49-ABC4-B8EC3E41E9E2}.Release|iPhone.Build.0 = Release|iPhone
		{F39E1D7D-6BDD-4E49-ABC4-B8EC3E41E9E2}.Release|iPhoneSimulator.ActiveCfg = Release|iPhoneSimulator
		{F39E1D7D-6BDD-4E49-ABC4-B8EC3E41E9E2}.Release|iPhoneSimulator.Build.0 = Release|iPhoneSimulator
		{F39E1D7D-6BDD-4E49-ABC4-B8EC3E41E9E2}.Release|x64.ActiveCfg = Release|iPhone
		{F39E1D7D-6BDD-4E49-ABC4-B8EC3E41E9E2}.Release|x86.ActiveCfg = Release|iPhone
		{2E0E8C8B-2AD8-41F3-BF6D-03AAE31C4BF1}.Ad-Hoc|Any CPU.ActiveCfg = Release|x64
		{2E0E8C8B-2AD8-41F3-BF6D-03AAE31C4BF1}.Ad-Hoc|Any CPU.Build.0 = Release|x64
		{2E0E8C8B-2AD8-41F3-BF6D-03AAE31C4BF1}.Ad-Hoc|Any CPU.Deploy.0 = Release|x64
		{2E0E8C8B-2AD8-41F3-BF6D-03AAE31C4BF1}.Ad-Hoc|ARM.ActiveCfg = Release|ARM
		{2E0E8C8B-2AD8-41F3-BF6D-03AAE31C4BF1}.Ad-Hoc|ARM.Build.0 = Release|ARM
		{2E0E8C8B-2AD8-41F3-BF6D-03AAE31C4BF1}.Ad-Hoc|ARM.Deploy.0 = Release|ARM
		{2E0E8C8B-2AD8-41F3-BF6D-03AAE31C4BF1}.Ad-Hoc|iPhone.ActiveCfg = Release|x64
		{2E0E8C8B-2AD8-41F3-BF6D-03AAE31C4BF1}.Ad-Hoc|iPhone.Build.0 = Release|x64
		{2E0E8C8B-2AD8-41F3-BF6D-03AAE31C4BF1}.Ad-Hoc|iPhone.Deploy.0 = Release|x64
		{2E0E8C8B-2AD8-41F3-BF6D-03AAE31C4BF1}.Ad-Hoc|iPhoneSimulator.ActiveCfg = Release|x64
		{2E0E8C8B-2AD8-41F3-BF6D-03AAE31C4BF1}.Ad-Hoc|iPhoneSimulator.Build.0 = Release|x64
		{2E0E8C8B-2AD8-41F3-BF6D-03AAE31C4BF1}.Ad-Hoc|iPhoneSimulator.Deploy.0 = Release|x64
		{2E0E8C8B-2AD8-41F3-BF6D-03AAE31C4BF1}.Ad-Hoc|x64.ActiveCfg = Release|x64
		{2E0E8C8B-2AD8-41F3-BF6D-03AAE31C4BF1}.Ad-Hoc|x64.Build.0 = Release|x64
		{2E0E8C8B-2AD8-41F3-BF6D-03AAE31C4BF1}.Ad-Hoc|x64.Deploy.0 = Release|x64
		{2E0E8C8B-2AD8-41F3-BF6D-03AAE31C4BF1}.Ad-Hoc|x86.ActiveCfg = Release|x86
		{2E0E8C8B-2AD8-41F3-BF6D-03AAE31C4BF1}.Ad-Hoc|x86.Build.0 = Release|x86
		{2E0E8C8B-2AD8-41F3-BF6D-03AAE31C4BF1}.Ad-Hoc|x86.Deploy.0 = Release|x86
		{2E0E8C8B-2AD8-41F3-BF6D-03AAE31C4BF1}.AppStore|Any CPU.ActiveCfg = Release|x64
		{2E0E8C8B-2AD8-41F3-BF6D-03AAE31C4BF1}.AppStore|Any CPU.Build.0 = Release|x64
		{2E0E8C8B-2AD8-41F3-BF6D-03AAE31C4BF1}.AppStore|Any CPU.Deploy.0 = Release|x64
		{2E0E8C8B-2AD8-41F3-BF6D-03AAE31C4BF1}.AppStore|ARM.ActiveCfg = Release|ARM
		{2E0E8C8B-2AD8-41F3-BF6D-03AAE31C4BF1}.AppStore|ARM.Build.0 = Release|ARM
		{2E0E8C8B-2AD8-41F3-BF6D-03AAE31C4BF1}.AppStore|ARM.Deploy.0 = Release|ARM
		{2E0E8C8B-2AD8-41F3-BF6D-03AAE31C4BF1}.AppStore|iPhone.ActiveCfg = Release|x64
		{2E0E8C8B-2AD8-41F3-BF6D-03AAE31C4BF1}.AppStore|iPhone.Build.0 = Release|x64
		{2E0E8C8B-2AD8-41F3-BF6D-03AAE31C4BF1}.AppStore|iPhone.Deploy.0 = Release|x64
		{2E0E8C8B-2AD8-41F3-BF6D-03AAE31C4BF1}.AppStore|iPhoneSimulator.ActiveCfg = Release|x64
		{2E0E8C8B-2AD8-41F3-BF6D-03AAE31C4BF1}.AppStore|iPhoneSimulator.Build.0 = Release|x64
		{2E0E8C8B-2AD8-41F3-BF6D-03AAE31C4BF1}.AppStore|iPhoneSimulator.Deploy.0 = Release|x64
		{2E0E8C8B-2AD8-41F3-BF6D-03AAE31C4BF1}.AppStore|x64.ActiveCfg = Release|x64
		{2E0E8C8B-2AD8-41F3-BF6D-03AAE31C4BF1}.AppStore|x64.Build.0 = Release|x64
		{2E0E8C8B-2AD8-41F3-BF6D-03AAE31C4BF1}.AppStore|x64.Deploy.0 = Release|x64
		{2E0E8C8B-2AD8-41F3-BF6D-03AAE31C4BF1}.AppStore|x86.ActiveCfg = Release|x86
		{2E0E8C8B-2AD8-41F3-BF6D-03AAE31C4BF1}.AppStore|x86.Build.0 = Release|x86
		{2E0E8C8B-2AD8-41F3-BF6D-03AAE31C4BF1}.AppStore|x86.Deploy.0 = Release|x86
		{2E0E8C8B-2AD8-41F3-BF6D-03AAE31C4BF1}.Debug|Any CPU.ActiveCfg = Debug|x86
		{2E0E8C8B-2AD8-41F3-BF6D-03AAE31C4BF1}.Debug|ARM.ActiveCfg = Debug|ARM
		{2E0E8C8B-2AD8-41F3-BF6D-03AAE31C4BF1}.Debug|ARM.Build.0 = Debug|ARM
		{2E0E8C8B-2AD8-41F3-BF6D-03AAE31C4BF1}.Debug|ARM.Deploy.0 = Debug|ARM
		{2E0E8C8B-2AD8-41F3-BF6D-03AAE31C4BF1}.Debug|iPhone.ActiveCfg = Debug|x86
		{2E0E8C8B-2AD8-41F3-BF6D-03AAE31C4BF1}.Debug|iPhoneSimulator.ActiveCfg = Debug|x86
		{2E0E8C8B-2AD8-41F3-BF6D-03AAE31C4BF1}.Debug|x64.ActiveCfg = Debug|x64
		{2E0E8C8B-2AD8-41F3-BF6D-03AAE31C4BF1}.Debug|x64.Build.0 = Debug|x64
		{2E0E8C8B-2AD8-41F3-BF6D-03AAE31C4BF1}.Debug|x64.Deploy.0 = Debug|x64
		{2E0E8C8B-2AD8-41F3-BF6D-03AAE31C4BF1}.Debug|x86.ActiveCfg = Debug|x86
		{2E0E8C8B-2AD8-41F3-BF6D-03AAE31C4BF1}.Debug|x86.Build.0 = Debug|x86
		{2E0E8C8B-2AD8-41F3-BF6D-03AAE31C4BF1}.Debug|x86.Deploy.0 = Debug|x86
		{2E0E8C8B-2AD8-41F3-BF6D-03AAE31C4BF1}.Release|Any CPU.ActiveCfg = Release|x86
		{2E0E8C8B-2AD8-41F3-BF6D-03AAE31C4BF1}.Release|ARM.ActiveCfg = Release|ARM
		{2E0E8C8B-2AD8-41F3-BF6D-03AAE31C4BF1}.Release|ARM.Build.0 = Release|ARM
		{2E0E8C8B-2AD8-41F3-BF6D-03AAE31C4BF1}.Release|ARM.Deploy.0 = Release|ARM
		{2E0E8C8B-2AD8-41F3-BF6D-03AAE31C4BF1}.Release|iPhone.ActiveCfg = Release|x86
		{2E0E8C8B-2AD8-41F3-BF6D-03AAE31C4BF1}.Release|iPhoneSimulator.ActiveCfg = Release|x86
		{2E0E8C8B-2AD8-41F3-BF6D-03AAE31C4BF1}.Release|x64.ActiveCfg = Release|x64
		{2E0E8C8B-2AD8-41F3-BF6D-03AAE31C4BF1}.Release|x64.Build.0 = Release|x64
		{2E0E8C8B-2AD8-41F3-BF6D-03AAE31C4BF1}.Release|x64.Deploy.0 = Release|x64
		{2E0E8C8B-2AD8-41F3-BF6D-03AAE31C4BF1}.Release|x86.ActiveCfg = Release|x86
		{2E0E8C8B-2AD8-41F3-BF6D-03AAE31C4BF1}.Release|x86.Build.0 = Release|x86
		{2E0E8C8B-2AD8-41F3-BF6D-03AAE31C4BF1}.Release|x86.Deploy.0 = Release|x86
		{C65B8CA0-A5F5-4EF8-A788-69309A612E81}.Ad-Hoc|Any CPU.ActiveCfg = Debug|Any CPU
		{C65B8CA0-A5F5-4EF8-A788-69309A612E81}.Ad-Hoc|Any CPU.Build.0 = Debug|Any CPU
		{C65B8CA0-A5F5-4EF8-A788-69309A612E81}.Ad-Hoc|ARM.ActiveCfg = Debug|Any CPU
		{C65B8CA0-A5F5-4EF8-A788-69309A612E81}.Ad-Hoc|ARM.Build.0 = Debug|Any CPU
		{C65B8CA0-A5F5-4EF8-A788-69309A612E81}.Ad-Hoc|iPhone.ActiveCfg = Debug|Any CPU
		{C65B8CA0-A5F5-4EF8-A788-69309A612E81}.Ad-Hoc|iPhone.Build.0 = Debug|Any CPU
		{C65B8CA0-A5F5-4EF8-A788-69309A612E81}.Ad-Hoc|iPhoneSimulator.ActiveCfg = Debug|Any CPU
		{C65B8CA0-A5F5-4EF8-A788-69309A612E81}.Ad-Hoc|iPhoneSimulator.Build.0 = Debug|Any CPU
		{C65B8CA0-A5F5-4EF8-A788-69309A612E81}.Ad-Hoc|x64.ActiveCfg = Debug|Any CPU
		{C65B8CA0-A5F5-4EF8-A788-69309A612E81}.Ad-Hoc|x64.Build.0 = Debug|Any CPU
		{C65B8CA0-A5F5-4EF8-A788-69309A612E81}.Ad-Hoc|x86.ActiveCfg = Debug|Any CPU
		{C65B8CA0-A5F5-4EF8-A788-69309A612E81}.Ad-Hoc|x86.Build.0 = Debug|Any CPU
		{C65B8CA0-A5F5-4EF8-A788-69309A612E81}.AppStore|Any CPU.ActiveCfg = Debug|Any CPU
		{C65B8CA0-A5F5-4EF8-A788-69309A612E81}.AppStore|Any CPU.Build.0 = Debug|Any CPU
		{C65B8CA0-A5F5-4EF8-A788-69309A612E81}.AppStore|ARM.ActiveCfg = Debug|Any CPU
		{C65B8CA0-A5F5-4EF8-A788-69309A612E81}.AppStore|ARM.Build.0 = Debug|Any CPU
		{C65B8CA0-A5F5-4EF8-A788-69309A612E81}.AppStore|iPhone.ActiveCfg = Debug|Any CPU
		{C65B8CA0-A5F5-4EF8-A788-69309A612E81}.AppStore|iPhone.Build.0 = Debug|Any CPU
		{C65B8CA0-A5F5-4EF8-A788-69309A612E81}.AppStore|iPhoneSimulator.ActiveCfg = Debug|Any CPU
		{C65B8CA0-A5F5-4EF8-A788-69309A612E81}.AppStore|iPhoneSimulator.Build.0 = Debug|Any CPU
		{C65B8CA0-A5F5-4EF8-A788-69309A612E81}.AppStore|x64.ActiveCfg = Debug|Any CPU
		{C65B8CA0-A5F5-4EF8-A788-69309A612E81}.AppStore|x64.Build.0 = Debug|Any CPU
		{C65B8CA0-A5F5-4EF8-A788-69309A612E81}.AppStore|x86.ActiveCfg = Debug|Any CPU
		{C65B8CA0-A5F5-4EF8-A788-69309A612E81}.AppStore|x86.Build.0 = Debug|Any CPU
		{C65B8CA0-A5F5-4EF8-A788-69309A612E81}.Debug|Any CPU.ActiveCfg = Debug|Any CPU
		{C65B8CA0-A5F5-4EF8-A788-69309A612E81}.Debug|Any CPU.Build.0 = Debug|Any CPU
		{C65B8CA0-A5F5-4EF8-A788-69309A612E81}.Debug|ARM.ActiveCfg = Debug|Any CPU
		{C65B8CA0-A5F5-4EF8-A788-69309A612E81}.Debug|ARM.Build.0 = Debug|Any CPU
		{C65B8CA0-A5F5-4EF8-A788-69309A612E81}.Debug|iPhone.ActiveCfg = Debug|Any CPU
		{C65B8CA0-A5F5-4EF8-A788-69309A612E81}.Debug|iPhone.Build.0 = Debug|Any CPU
		{C65B8CA0-A5F5-4EF8-A788-69309A612E81}.Debug|iPhoneSimulator.ActiveCfg = Debug|Any CPU
		{C65B8CA0-A5F5-4EF8-A788-69309A612E81}.Debug|iPhoneSimulator.Build.0 = Debug|Any CPU
		{C65B8CA0-A5F5-4EF8-A788-69309A612E81}.Debug|x64.ActiveCfg = Debug|Any CPU
		{C65B8CA0-A5F5-4EF8-A788-69309A612E81}.Debug|x64.Build.0 = Debug|Any CPU
		{C65B8CA0-A5F5-4EF8-A788-69309A612E81}.Debug|x86.ActiveCfg = Debug|Any CPU
		{C65B8CA0-A5F5-4EF8-A788-69309A612E81}.Debug|x86.Build.0 = Debug|Any CPU
		{C65B8CA0-A5F5-4EF8-A788-69309A612E81}.Release|Any CPU.ActiveCfg = Release|Any CPU
		{C65B8CA0-A5F5-4EF8-A788-69309A612E81}.Release|Any CPU.Build.0 = Release|Any CPU
		{C65B8CA0-A5F5-4EF8-A788-69309A612E81}.Release|ARM.ActiveCfg = Release|Any CPU
		{C65B8CA0-A5F5-4EF8-A788-69309A612E81}.Release|ARM.Build.0 = Release|Any CPU
		{C65B8CA0-A5F5-4EF8-A788-69309A612E81}.Release|iPhone.ActiveCfg = Release|Any CPU
		{C65B8CA0-A5F5-4EF8-A788-69309A612E81}.Release|iPhone.Build.0 = Release|Any CPU
		{C65B8CA0-A5F5-4EF8-A788-69309A612E81}.Release|iPhoneSimulator.ActiveCfg = Release|Any CPU
		{C65B8CA0-A5F5-4EF8-A788-69309A612E81}.Release|iPhoneSimulator.Build.0 = Release|Any CPU
		{C65B8CA0-A5F5-4EF8-A788-69309A612E81}.Release|x64.ActiveCfg = Release|Any CPU
		{C65B8CA0-A5F5-4EF8-A788-69309A612E81}.Release|x64.Build.0 = Release|Any CPU
		{C65B8CA0-A5F5-4EF8-A788-69309A612E81}.Release|x86.ActiveCfg = Release|Any CPU
		{C65B8CA0-A5F5-4EF8-A788-69309A612E81}.Release|x86.Build.0 = Release|Any CPU
	EndGlobalSection
	GlobalSection(SolutionProperties) = preSolution
		HideSolutionNode = FALSE
	EndGlobalSection
	GlobalSection(NestedProjects) = preSolution
		{D0F490BD-92FA-44A8-9805-0BB4945236FC} = {85182CB1-FE41-4D06-A3DF-698C5C338E50}
		{4E4E58CF-DFFD-4F98-BB58-D68AEEBAE87F} = {85182CB1-FE41-4D06-A3DF-698C5C338E50}
		{A599493B-25DA-45B4-9FD4-FB644DA9C668} = {19B3E175-4F96-49E7-A1AB-5D95D22AD76B}
		{6279C845-92F8-4333-AB99-3D213163593C} = {4E4E58CF-DFFD-4F98-BB58-D68AEEBAE87F}
		{CD6C1ABA-AEC8-46D3-AEB3-994C5D1BD3CC} = {4E4E58CF-DFFD-4F98-BB58-D68AEEBAE87F}
		{F39E1D7D-6BDD-4E49-ABC4-B8EC3E41E9E2} = {4E4E58CF-DFFD-4F98-BB58-D68AEEBAE87F}
		{2E0E8C8B-2AD8-41F3-BF6D-03AAE31C4BF1} = {4E4E58CF-DFFD-4F98-BB58-D68AEEBAE87F}
		{C65B8CA0-A5F5-4EF8-A788-69309A612E81} = {4E4E58CF-DFFD-4F98-BB58-D68AEEBAE87F}
	EndGlobalSection
	GlobalSection(ExtensibilityGlobals) = postSolution
		SolutionGuid = {E939AB18-A5CA-4C78-9BD7-84CD0FE2825C}
	EndGlobalSection
EndGlobal
