
Microsoft Visual Studio Solution File, Format Version 12.00
# Visual Studio Version 16
VisualStudioVersion = 16.0.30002.166
MinimumVisualStudioVersion = 10.0.40219.1
Project("{2150E333-8FDC-42A3-9474-1A3956D46DE8}") = "src", "src", "{9E7D3DC9-5559-4635-8281-1F7F4A2139DC}"
EndProject
Project("{2150E333-8FDC-42A3-9474-1A3956D46DE8}") = "client", "client", "{F83A3AA0-CF85-4B9D-9A08-B4B40EDD31F2}"
EndProject
Project("{2150E333-8FDC-42A3-9474-1A3956D46DE8}") = "xamarin", "xamarin", "{F662E9AA-F0CA-479A-8B77-2816BD29EC69}"
EndProject
Project("{FAE04EC0-301F-11D3-BF4B-00C04F79EFBC}") = "YetAnotherNoteTaker.UWP", "src\client\xamarin\YetAnotherNoteTaker.UWP\YetAnotherNoteTaker.UWP.csproj", "{6BAF9682-4EB7-41E7-ABA6-C19EDE68E0E0}"
EndProject
Project("{9A19103F-16F7-4668-BE54-9A1E7A4F7556}") = "YetAnotherNoteTaker", "src\client\xamarin\YetAnotherNoteTaker\YetAnotherNoteTaker.csproj", "{5ECDBD91-A316-412E-AB3D-BC8242CA6B0F}"
EndProject
Project("{FAE04EC0-301F-11D3-BF4B-00C04F79EFBC}") = "YetAnotherNoteTaker.Android", "src\client\xamarin\YetAnotherNoteTaker.Android\YetAnotherNoteTaker.Android.csproj", "{2BD1FE14-1E7F-4679-A974-CDA39E7596C3}"
EndProject
Project("{FAE04EC0-301F-11D3-BF4B-00C04F79EFBC}") = "YetAnotherNoteTaker.iOS", "src\client\xamarin\YetAnotherNoteTaker.iOS\YetAnotherNoteTaker.iOS.csproj", "{EF7CED64-F4F2-4658-BADD-CE8BACFC2628}"
EndProject
Project("{2150E333-8FDC-42A3-9474-1A3956D46DE8}") = "Solution Items", "Solution Items", "{7011ED6B-D222-4F19-9A5F-975C9C648742}"
	ProjectSection(SolutionItems) = preProject
		.editorconfig = .editorconfig
		.gitignore = .gitignore
		add-migration.sh = add-migration.sh
		docker-compose-mongodb.yml = docker-compose-mongodb.yml
		docker-compose.yml = docker-compose.yml
		LICENSE = LICENSE
		README.md = README.md
	EndProjectSection
EndProject
Project("{2150E333-8FDC-42A3-9474-1A3956D46DE8}") = "server", "server", "{9A4110E9-9550-46F8-9D2E-28912ED4E203}"
EndProject
Project("{9A19103F-16F7-4668-BE54-9A1E7A4F7556}") = "YetAnotherNoteTaker.Common", "src\YetAnotherNoteTaker.Common\YetAnotherNoteTaker.Common.csproj", "{4DD3BBE4-930E-4BC6-A287-A75F19A388F5}"
EndProject
Project("{9A19103F-16F7-4668-BE54-9A1E7A4F7556}") = "YetAnotherNoteTaker.Server", "src\server\YetAnotherNoteTaker.Server\YetAnotherNoteTaker.Server.csproj", "{E54FBBB6-B1F2-458C-B7F5-DF3CB903C484}"
EndProject
Project("{9A19103F-16F7-4668-BE54-9A1E7A4F7556}") = "NLemos.Api.Framework", "src\server\NLemos.Api.Framework\NLemos.Api.Framework.csproj", "{F1AABCD9-2638-464F-90C6-1DA2C6A8B6D4}"
EndProject
Project("{9A19103F-16F7-4668-BE54-9A1E7A4F7556}") = "YetAnotherNoteTaker.Client.Common", "src\client\YetAnotherNoteTaker.Client.Common\YetAnotherNoteTaker.Client.Common.csproj", "{AF22A57E-90B7-4A03-A0B5-3972D0255AA2}"
EndProject
Project("{FAE04EC0-301F-11D3-BF4B-00C04F79EFBC}") = "YetAnotherNoteTaker.Mac", "src\client\xamarin\YetAnotherNoteTaker.Mac\YetAnotherNoteTaker.Mac.csproj", "{2DA47331-7A18-4790-B75C-986E628B94D2}"
EndProject
Project("{2150E333-8FDC-42A3-9474-1A3956D46DE8}") = "blazor", "blazor", "{3EF9C44E-7BE2-4ACF-928D-C771F9F8488C}"
EndProject
Project("{9A19103F-16F7-4668-BE54-9A1E7A4F7556}") = "YetAnotherNoteTaker.Blazor", "src\client\blazor\YetAnotherNoteTaker.Blazor\YetAnotherNoteTaker.Blazor.csproj", "{5A004002-851A-41B2-A998-3991189C79D6}"
EndProject
Project("{2150E333-8FDC-42A3-9474-1A3956D46DE8}") = "tests", "tests", "{9ED14AEB-0592-470D-8EF4-84101200EBAC}"
EndProject
Project("{2150E333-8FDC-42A3-9474-1A3956D46DE8}") = "client", "client", "{E2A780DF-8B13-4AEC-9631-6D06E55F1C9F}"
EndProject
Project("{9A19103F-16F7-4668-BE54-9A1E7A4F7556}") = "YetAnotherNoteTaker.Client.Common.UnitTests", "tests\client\YetAnotherNoteTaker.Client.Common.Tests\YetAnotherNoteTaker.Client.Common.UnitTests.csproj", "{5515B143-3C5B-4101-9F8D-0EED9BA2FABB}"
EndProject
Project("{9A19103F-16F7-4668-BE54-9A1E7A4F7556}") = "NLemos.Xamarin.Common", "src\client\xamarin\NLemos.Xamarin.Common\NLemos.Xamarin.Common.csproj", "{E8866400-6346-450B-9E69-403011D6351F}"
EndProject
Global
	GlobalSection(SolutionConfigurationPlatforms) = preSolution
		Debug|Any CPU = Debug|Any CPU
		Debug|ARM = Debug|ARM
		Debug|iPhone = Debug|iPhone
		Debug|iPhoneSimulator = Debug|iPhoneSimulator
		Debug|x64 = Debug|x64
		Debug|x86 = Debug|x86
		Release|Any CPU = Release|Any CPU
		Release|ARM = Release|ARM
		Release|iPhone = Release|iPhone
		Release|iPhoneSimulator = Release|iPhoneSimulator
		Release|x64 = Release|x64
		Release|x86 = Release|x86
	EndGlobalSection
	GlobalSection(ProjectConfigurationPlatforms) = postSolution
		{6BAF9682-4EB7-41E7-ABA6-C19EDE68E0E0}.Debug|Any CPU.ActiveCfg = Debug|x86
		{6BAF9682-4EB7-41E7-ABA6-C19EDE68E0E0}.Debug|ARM.ActiveCfg = Debug|ARM
		{6BAF9682-4EB7-41E7-ABA6-C19EDE68E0E0}.Debug|ARM.Build.0 = Debug|ARM
		{6BAF9682-4EB7-41E7-ABA6-C19EDE68E0E0}.Debug|ARM.Deploy.0 = Debug|ARM
		{6BAF9682-4EB7-41E7-ABA6-C19EDE68E0E0}.Debug|iPhone.ActiveCfg = Debug|x86
		{6BAF9682-4EB7-41E7-ABA6-C19EDE68E0E0}.Debug|iPhoneSimulator.ActiveCfg = Debug|x86
		{6BAF9682-4EB7-41E7-ABA6-C19EDE68E0E0}.Debug|x64.ActiveCfg = Debug|x64
		{6BAF9682-4EB7-41E7-ABA6-C19EDE68E0E0}.Debug|x64.Build.0 = Debug|x64
		{6BAF9682-4EB7-41E7-ABA6-C19EDE68E0E0}.Debug|x64.Deploy.0 = Debug|x64
		{6BAF9682-4EB7-41E7-ABA6-C19EDE68E0E0}.Debug|x86.ActiveCfg = Debug|x86
		{6BAF9682-4EB7-41E7-ABA6-C19EDE68E0E0}.Debug|x86.Build.0 = Debug|x86
		{6BAF9682-4EB7-41E7-ABA6-C19EDE68E0E0}.Debug|x86.Deploy.0 = Debug|x86
		{6BAF9682-4EB7-41E7-ABA6-C19EDE68E0E0}.Release|Any CPU.ActiveCfg = Release|x86
		{6BAF9682-4EB7-41E7-ABA6-C19EDE68E0E0}.Release|ARM.ActiveCfg = Release|ARM
		{6BAF9682-4EB7-41E7-ABA6-C19EDE68E0E0}.Release|ARM.Build.0 = Release|ARM
		{6BAF9682-4EB7-41E7-ABA6-C19EDE68E0E0}.Release|ARM.Deploy.0 = Release|ARM
		{6BAF9682-4EB7-41E7-ABA6-C19EDE68E0E0}.Release|iPhone.ActiveCfg = Release|x86
		{6BAF9682-4EB7-41E7-ABA6-C19EDE68E0E0}.Release|iPhoneSimulator.ActiveCfg = Release|x86
		{6BAF9682-4EB7-41E7-ABA6-C19EDE68E0E0}.Release|x64.ActiveCfg = Release|x64
		{6BAF9682-4EB7-41E7-ABA6-C19EDE68E0E0}.Release|x64.Build.0 = Release|x64
		{6BAF9682-4EB7-41E7-ABA6-C19EDE68E0E0}.Release|x64.Deploy.0 = Release|x64
		{6BAF9682-4EB7-41E7-ABA6-C19EDE68E0E0}.Release|x86.ActiveCfg = Release|x86
		{6BAF9682-4EB7-41E7-ABA6-C19EDE68E0E0}.Release|x86.Build.0 = Release|x86
		{6BAF9682-4EB7-41E7-ABA6-C19EDE68E0E0}.Release|x86.Deploy.0 = Release|x86
		{5ECDBD91-A316-412E-AB3D-BC8242CA6B0F}.Debug|Any CPU.ActiveCfg = Debug|Any CPU
		{5ECDBD91-A316-412E-AB3D-BC8242CA6B0F}.Debug|Any CPU.Build.0 = Debug|Any CPU
		{5ECDBD91-A316-412E-AB3D-BC8242CA6B0F}.Debug|ARM.ActiveCfg = Debug|Any CPU
		{5ECDBD91-A316-412E-AB3D-BC8242CA6B0F}.Debug|ARM.Build.0 = Debug|Any CPU
		{5ECDBD91-A316-412E-AB3D-BC8242CA6B0F}.Debug|iPhone.ActiveCfg = Debug|Any CPU
		{5ECDBD91-A316-412E-AB3D-BC8242CA6B0F}.Debug|iPhone.Build.0 = Debug|Any CPU
		{5ECDBD91-A316-412E-AB3D-BC8242CA6B0F}.Debug|iPhoneSimulator.ActiveCfg = Debug|Any CPU
		{5ECDBD91-A316-412E-AB3D-BC8242CA6B0F}.Debug|iPhoneSimulator.Build.0 = Debug|Any CPU
		{5ECDBD91-A316-412E-AB3D-BC8242CA6B0F}.Debug|x64.ActiveCfg = Debug|Any CPU
		{5ECDBD91-A316-412E-AB3D-BC8242CA6B0F}.Debug|x64.Build.0 = Debug|Any CPU
		{5ECDBD91-A316-412E-AB3D-BC8242CA6B0F}.Debug|x86.ActiveCfg = Debug|Any CPU
		{5ECDBD91-A316-412E-AB3D-BC8242CA6B0F}.Debug|x86.Build.0 = Debug|Any CPU
		{5ECDBD91-A316-412E-AB3D-BC8242CA6B0F}.Release|Any CPU.ActiveCfg = Release|Any CPU
		{5ECDBD91-A316-412E-AB3D-BC8242CA6B0F}.Release|Any CPU.Build.0 = Release|Any CPU
		{5ECDBD91-A316-412E-AB3D-BC8242CA6B0F}.Release|ARM.ActiveCfg = Release|Any CPU
		{5ECDBD91-A316-412E-AB3D-BC8242CA6B0F}.Release|ARM.Build.0 = Release|Any CPU
		{5ECDBD91-A316-412E-AB3D-BC8242CA6B0F}.Release|iPhone.ActiveCfg = Release|Any CPU
		{5ECDBD91-A316-412E-AB3D-BC8242CA6B0F}.Release|iPhone.Build.0 = Release|Any CPU
		{5ECDBD91-A316-412E-AB3D-BC8242CA6B0F}.Release|iPhoneSimulator.ActiveCfg = Release|Any CPU
		{5ECDBD91-A316-412E-AB3D-BC8242CA6B0F}.Release|iPhoneSimulator.Build.0 = Release|Any CPU
		{5ECDBD91-A316-412E-AB3D-BC8242CA6B0F}.Release|x64.ActiveCfg = Release|Any CPU
		{5ECDBD91-A316-412E-AB3D-BC8242CA6B0F}.Release|x64.Build.0 = Release|Any CPU
		{5ECDBD91-A316-412E-AB3D-BC8242CA6B0F}.Release|x86.ActiveCfg = Release|Any CPU
		{5ECDBD91-A316-412E-AB3D-BC8242CA6B0F}.Release|x86.Build.0 = Release|Any CPU
		{2BD1FE14-1E7F-4679-A974-CDA39E7596C3}.Debug|Any CPU.ActiveCfg = Debug|Any CPU
		{2BD1FE14-1E7F-4679-A974-CDA39E7596C3}.Debug|Any CPU.Build.0 = Debug|Any CPU
		{2BD1FE14-1E7F-4679-A974-CDA39E7596C3}.Debug|Any CPU.Deploy.0 = Debug|Any CPU
		{2BD1FE14-1E7F-4679-A974-CDA39E7596C3}.Debug|ARM.ActiveCfg = Debug|Any CPU
		{2BD1FE14-1E7F-4679-A974-CDA39E7596C3}.Debug|ARM.Build.0 = Debug|Any CPU
		{2BD1FE14-1E7F-4679-A974-CDA39E7596C3}.Debug|ARM.Deploy.0 = Debug|Any CPU
		{2BD1FE14-1E7F-4679-A974-CDA39E7596C3}.Debug|iPhone.ActiveCfg = Debug|Any CPU
		{2BD1FE14-1E7F-4679-A974-CDA39E7596C3}.Debug|iPhone.Build.0 = Debug|Any CPU
		{2BD1FE14-1E7F-4679-A974-CDA39E7596C3}.Debug|iPhone.Deploy.0 = Debug|Any CPU
		{2BD1FE14-1E7F-4679-A974-CDA39E7596C3}.Debug|iPhoneSimulator.ActiveCfg = Debug|Any CPU
		{2BD1FE14-1E7F-4679-A974-CDA39E7596C3}.Debug|iPhoneSimulator.Build.0 = Debug|Any CPU
		{2BD1FE14-1E7F-4679-A974-CDA39E7596C3}.Debug|iPhoneSimulator.Deploy.0 = Debug|Any CPU
		{2BD1FE14-1E7F-4679-A974-CDA39E7596C3}.Debug|x64.ActiveCfg = Debug|Any CPU
		{2BD1FE14-1E7F-4679-A974-CDA39E7596C3}.Debug|x64.Build.0 = Debug|Any CPU
		{2BD1FE14-1E7F-4679-A974-CDA39E7596C3}.Debug|x64.Deploy.0 = Debug|Any CPU
		{2BD1FE14-1E7F-4679-A974-CDA39E7596C3}.Debug|x86.ActiveCfg = Debug|Any CPU
		{2BD1FE14-1E7F-4679-A974-CDA39E7596C3}.Debug|x86.Build.0 = Debug|Any CPU
		{2BD1FE14-1E7F-4679-A974-CDA39E7596C3}.Debug|x86.Deploy.0 = Debug|Any CPU
		{2BD1FE14-1E7F-4679-A974-CDA39E7596C3}.Release|Any CPU.ActiveCfg = Release|Any CPU
		{2BD1FE14-1E7F-4679-A974-CDA39E7596C3}.Release|Any CPU.Build.0 = Release|Any CPU
		{2BD1FE14-1E7F-4679-A974-CDA39E7596C3}.Release|Any CPU.Deploy.0 = Release|Any CPU
		{2BD1FE14-1E7F-4679-A974-CDA39E7596C3}.Release|ARM.ActiveCfg = Release|Any CPU
		{2BD1FE14-1E7F-4679-A974-CDA39E7596C3}.Release|ARM.Build.0 = Release|Any CPU
		{2BD1FE14-1E7F-4679-A974-CDA39E7596C3}.Release|ARM.Deploy.0 = Release|Any CPU
		{2BD1FE14-1E7F-4679-A974-CDA39E7596C3}.Release|iPhone.ActiveCfg = Release|Any CPU
		{2BD1FE14-1E7F-4679-A974-CDA39E7596C3}.Release|iPhone.Build.0 = Release|Any CPU
		{2BD1FE14-1E7F-4679-A974-CDA39E7596C3}.Release|iPhone.Deploy.0 = Release|Any CPU
		{2BD1FE14-1E7F-4679-A974-CDA39E7596C3}.Release|iPhoneSimulator.ActiveCfg = Release|Any CPU
		{2BD1FE14-1E7F-4679-A974-CDA39E7596C3}.Release|iPhoneSimulator.Build.0 = Release|Any CPU
		{2BD1FE14-1E7F-4679-A974-CDA39E7596C3}.Release|iPhoneSimulator.Deploy.0 = Release|Any CPU
		{2BD1FE14-1E7F-4679-A974-CDA39E7596C3}.Release|x64.ActiveCfg = Release|Any CPU
		{2BD1FE14-1E7F-4679-A974-CDA39E7596C3}.Release|x64.Build.0 = Release|Any CPU
		{2BD1FE14-1E7F-4679-A974-CDA39E7596C3}.Release|x64.Deploy.0 = Release|Any CPU
		{2BD1FE14-1E7F-4679-A974-CDA39E7596C3}.Release|x86.ActiveCfg = Release|Any CPU
		{2BD1FE14-1E7F-4679-A974-CDA39E7596C3}.Release|x86.Build.0 = Release|Any CPU
		{2BD1FE14-1E7F-4679-A974-CDA39E7596C3}.Release|x86.Deploy.0 = Release|Any CPU
		{EF7CED64-F4F2-4658-BADD-CE8BACFC2628}.Debug|Any CPU.ActiveCfg = Debug|iPhone
		{EF7CED64-F4F2-4658-BADD-CE8BACFC2628}.Debug|ARM.ActiveCfg = Debug|iPhone
		{EF7CED64-F4F2-4658-BADD-CE8BACFC2628}.Debug|iPhone.ActiveCfg = Debug|iPhone
		{EF7CED64-F4F2-4658-BADD-CE8BACFC2628}.Debug|iPhone.Build.0 = Debug|iPhone
		{EF7CED64-F4F2-4658-BADD-CE8BACFC2628}.Debug|iPhoneSimulator.ActiveCfg = Debug|iPhoneSimulator
		{EF7CED64-F4F2-4658-BADD-CE8BACFC2628}.Debug|iPhoneSimulator.Build.0 = Debug|iPhoneSimulator
		{EF7CED64-F4F2-4658-BADD-CE8BACFC2628}.Debug|x64.ActiveCfg = Debug|iPhone
		{EF7CED64-F4F2-4658-BADD-CE8BACFC2628}.Debug|x86.ActiveCfg = Debug|iPhone
		{EF7CED64-F4F2-4658-BADD-CE8BACFC2628}.Release|Any CPU.ActiveCfg = Release|iPhone
		{EF7CED64-F4F2-4658-BADD-CE8BACFC2628}.Release|ARM.ActiveCfg = Release|iPhone
		{EF7CED64-F4F2-4658-BADD-CE8BACFC2628}.Release|iPhone.ActiveCfg = Release|iPhone
		{EF7CED64-F4F2-4658-BADD-CE8BACFC2628}.Release|iPhone.Build.0 = Release|iPhone
		{EF7CED64-F4F2-4658-BADD-CE8BACFC2628}.Release|iPhoneSimulator.ActiveCfg = Release|iPhoneSimulator
		{EF7CED64-F4F2-4658-BADD-CE8BACFC2628}.Release|iPhoneSimulator.Build.0 = Release|iPhoneSimulator
		{EF7CED64-F4F2-4658-BADD-CE8BACFC2628}.Release|x64.ActiveCfg = Release|iPhone
		{EF7CED64-F4F2-4658-BADD-CE8BACFC2628}.Release|x86.ActiveCfg = Release|iPhone
		{4DD3BBE4-930E-4BC6-A287-A75F19A388F5}.Debug|Any CPU.ActiveCfg = Debug|Any CPU
		{4DD3BBE4-930E-4BC6-A287-A75F19A388F5}.Debug|Any CPU.Build.0 = Debug|Any CPU
		{4DD3BBE4-930E-4BC6-A287-A75F19A388F5}.Debug|ARM.ActiveCfg = Debug|Any CPU
		{4DD3BBE4-930E-4BC6-A287-A75F19A388F5}.Debug|ARM.Build.0 = Debug|Any CPU
		{4DD3BBE4-930E-4BC6-A287-A75F19A388F5}.Debug|iPhone.ActiveCfg = Debug|Any CPU
		{4DD3BBE4-930E-4BC6-A287-A75F19A388F5}.Debug|iPhone.Build.0 = Debug|Any CPU
		{4DD3BBE4-930E-4BC6-A287-A75F19A388F5}.Debug|iPhoneSimulator.ActiveCfg = Debug|Any CPU
		{4DD3BBE4-930E-4BC6-A287-A75F19A388F5}.Debug|iPhoneSimulator.Build.0 = Debug|Any CPU
		{4DD3BBE4-930E-4BC6-A287-A75F19A388F5}.Debug|x64.ActiveCfg = Debug|Any CPU
		{4DD3BBE4-930E-4BC6-A287-A75F19A388F5}.Debug|x64.Build.0 = Debug|Any CPU
		{4DD3BBE4-930E-4BC6-A287-A75F19A388F5}.Debug|x86.ActiveCfg = Debug|Any CPU
		{4DD3BBE4-930E-4BC6-A287-A75F19A388F5}.Debug|x86.Build.0 = Debug|Any CPU
		{4DD3BBE4-930E-4BC6-A287-A75F19A388F5}.Release|Any CPU.ActiveCfg = Release|Any CPU
		{4DD3BBE4-930E-4BC6-A287-A75F19A388F5}.Release|Any CPU.Build.0 = Release|Any CPU
		{4DD3BBE4-930E-4BC6-A287-A75F19A388F5}.Release|ARM.ActiveCfg = Release|Any CPU
		{4DD3BBE4-930E-4BC6-A287-A75F19A388F5}.Release|ARM.Build.0 = Release|Any CPU
		{4DD3BBE4-930E-4BC6-A287-A75F19A388F5}.Release|iPhone.ActiveCfg = Release|Any CPU
		{4DD3BBE4-930E-4BC6-A287-A75F19A388F5}.Release|iPhone.Build.0 = Release|Any CPU
		{4DD3BBE4-930E-4BC6-A287-A75F19A388F5}.Release|iPhoneSimulator.ActiveCfg = Release|Any CPU
		{4DD3BBE4-930E-4BC6-A287-A75F19A388F5}.Release|iPhoneSimulator.Build.0 = Release|Any CPU
		{4DD3BBE4-930E-4BC6-A287-A75F19A388F5}.Release|x64.ActiveCfg = Release|Any CPU
		{4DD3BBE4-930E-4BC6-A287-A75F19A388F5}.Release|x64.Build.0 = Release|Any CPU
		{4DD3BBE4-930E-4BC6-A287-A75F19A388F5}.Release|x86.ActiveCfg = Release|Any CPU
		{4DD3BBE4-930E-4BC6-A287-A75F19A388F5}.Release|x86.Build.0 = Release|Any CPU
		{E54FBBB6-B1F2-458C-B7F5-DF3CB903C484}.Debug|Any CPU.ActiveCfg = Debug|Any CPU
		{E54FBBB6-B1F2-458C-B7F5-DF3CB903C484}.Debug|Any CPU.Build.0 = Debug|Any CPU
		{E54FBBB6-B1F2-458C-B7F5-DF3CB903C484}.Debug|ARM.ActiveCfg = Debug|Any CPU
		{E54FBBB6-B1F2-458C-B7F5-DF3CB903C484}.Debug|ARM.Build.0 = Debug|Any CPU
		{E54FBBB6-B1F2-458C-B7F5-DF3CB903C484}.Debug|iPhone.ActiveCfg = Debug|Any CPU
		{E54FBBB6-B1F2-458C-B7F5-DF3CB903C484}.Debug|iPhone.Build.0 = Debug|Any CPU
		{E54FBBB6-B1F2-458C-B7F5-DF3CB903C484}.Debug|iPhoneSimulator.ActiveCfg = Debug|Any CPU
		{E54FBBB6-B1F2-458C-B7F5-DF3CB903C484}.Debug|iPhoneSimulator.Build.0 = Debug|Any CPU
		{E54FBBB6-B1F2-458C-B7F5-DF3CB903C484}.Debug|x64.ActiveCfg = Debug|Any CPU
		{E54FBBB6-B1F2-458C-B7F5-DF3CB903C484}.Debug|x64.Build.0 = Debug|Any CPU
		{E54FBBB6-B1F2-458C-B7F5-DF3CB903C484}.Debug|x86.ActiveCfg = Debug|Any CPU
		{E54FBBB6-B1F2-458C-B7F5-DF3CB903C484}.Debug|x86.Build.0 = Debug|Any CPU
		{E54FBBB6-B1F2-458C-B7F5-DF3CB903C484}.Release|Any CPU.ActiveCfg = Release|Any CPU
		{E54FBBB6-B1F2-458C-B7F5-DF3CB903C484}.Release|Any CPU.Build.0 = Release|Any CPU
		{E54FBBB6-B1F2-458C-B7F5-DF3CB903C484}.Release|ARM.ActiveCfg = Release|Any CPU
		{E54FBBB6-B1F2-458C-B7F5-DF3CB903C484}.Release|ARM.Build.0 = Release|Any CPU
		{E54FBBB6-B1F2-458C-B7F5-DF3CB903C484}.Release|iPhone.ActiveCfg = Release|Any CPU
		{E54FBBB6-B1F2-458C-B7F5-DF3CB903C484}.Release|iPhone.Build.0 = Release|Any CPU
		{E54FBBB6-B1F2-458C-B7F5-DF3CB903C484}.Release|iPhoneSimulator.ActiveCfg = Release|Any CPU
		{E54FBBB6-B1F2-458C-B7F5-DF3CB903C484}.Release|iPhoneSimulator.Build.0 = Release|Any CPU
		{E54FBBB6-B1F2-458C-B7F5-DF3CB903C484}.Release|x64.ActiveCfg = Release|Any CPU
		{E54FBBB6-B1F2-458C-B7F5-DF3CB903C484}.Release|x64.Build.0 = Release|Any CPU
		{E54FBBB6-B1F2-458C-B7F5-DF3CB903C484}.Release|x86.ActiveCfg = Release|Any CPU
		{E54FBBB6-B1F2-458C-B7F5-DF3CB903C484}.Release|x86.Build.0 = Release|Any CPU
		{F1AABCD9-2638-464F-90C6-1DA2C6A8B6D4}.Debug|Any CPU.ActiveCfg = Debug|Any CPU
		{F1AABCD9-2638-464F-90C6-1DA2C6A8B6D4}.Debug|Any CPU.Build.0 = Debug|Any CPU
		{F1AABCD9-2638-464F-90C6-1DA2C6A8B6D4}.Debug|ARM.ActiveCfg = Debug|Any CPU
		{F1AABCD9-2638-464F-90C6-1DA2C6A8B6D4}.Debug|ARM.Build.0 = Debug|Any CPU
		{F1AABCD9-2638-464F-90C6-1DA2C6A8B6D4}.Debug|iPhone.ActiveCfg = Debug|Any CPU
		{F1AABCD9-2638-464F-90C6-1DA2C6A8B6D4}.Debug|iPhone.Build.0 = Debug|Any CPU
		{F1AABCD9-2638-464F-90C6-1DA2C6A8B6D4}.Debug|iPhoneSimulator.ActiveCfg = Debug|Any CPU
		{F1AABCD9-2638-464F-90C6-1DA2C6A8B6D4}.Debug|iPhoneSimulator.Build.0 = Debug|Any CPU
		{F1AABCD9-2638-464F-90C6-1DA2C6A8B6D4}.Debug|x64.ActiveCfg = Debug|Any CPU
		{F1AABCD9-2638-464F-90C6-1DA2C6A8B6D4}.Debug|x64.Build.0 = Debug|Any CPU
		{F1AABCD9-2638-464F-90C6-1DA2C6A8B6D4}.Debug|x86.ActiveCfg = Debug|Any CPU
		{F1AABCD9-2638-464F-90C6-1DA2C6A8B6D4}.Debug|x86.Build.0 = Debug|Any CPU
		{F1AABCD9-2638-464F-90C6-1DA2C6A8B6D4}.Release|Any CPU.ActiveCfg = Release|Any CPU
		{F1AABCD9-2638-464F-90C6-1DA2C6A8B6D4}.Release|Any CPU.Build.0 = Release|Any CPU
		{F1AABCD9-2638-464F-90C6-1DA2C6A8B6D4}.Release|ARM.ActiveCfg = Release|Any CPU
		{F1AABCD9-2638-464F-90C6-1DA2C6A8B6D4}.Release|ARM.Build.0 = Release|Any CPU
		{F1AABCD9-2638-464F-90C6-1DA2C6A8B6D4}.Release|iPhone.ActiveCfg = Release|Any CPU
		{F1AABCD9-2638-464F-90C6-1DA2C6A8B6D4}.Release|iPhone.Build.0 = Release|Any CPU
		{F1AABCD9-2638-464F-90C6-1DA2C6A8B6D4}.Release|iPhoneSimulator.ActiveCfg = Release|Any CPU
		{F1AABCD9-2638-464F-90C6-1DA2C6A8B6D4}.Release|iPhoneSimulator.Build.0 = Release|Any CPU
		{F1AABCD9-2638-464F-90C6-1DA2C6A8B6D4}.Release|x64.ActiveCfg = Release|Any CPU
		{F1AABCD9-2638-464F-90C6-1DA2C6A8B6D4}.Release|x64.Build.0 = Release|Any CPU
		{F1AABCD9-2638-464F-90C6-1DA2C6A8B6D4}.Release|x86.ActiveCfg = Release|Any CPU
		{F1AABCD9-2638-464F-90C6-1DA2C6A8B6D4}.Release|x86.Build.0 = Release|Any CPU
		{AF22A57E-90B7-4A03-A0B5-3972D0255AA2}.Debug|Any CPU.ActiveCfg = Debug|Any CPU
		{AF22A57E-90B7-4A03-A0B5-3972D0255AA2}.Debug|Any CPU.Build.0 = Debug|Any CPU
		{AF22A57E-90B7-4A03-A0B5-3972D0255AA2}.Debug|ARM.ActiveCfg = Debug|Any CPU
		{AF22A57E-90B7-4A03-A0B5-3972D0255AA2}.Debug|ARM.Build.0 = Debug|Any CPU
		{AF22A57E-90B7-4A03-A0B5-3972D0255AA2}.Debug|iPhone.ActiveCfg = Debug|Any CPU
		{AF22A57E-90B7-4A03-A0B5-3972D0255AA2}.Debug|iPhone.Build.0 = Debug|Any CPU
		{AF22A57E-90B7-4A03-A0B5-3972D0255AA2}.Debug|iPhoneSimulator.ActiveCfg = Debug|Any CPU
		{AF22A57E-90B7-4A03-A0B5-3972D0255AA2}.Debug|iPhoneSimulator.Build.0 = Debug|Any CPU
		{AF22A57E-90B7-4A03-A0B5-3972D0255AA2}.Debug|x64.ActiveCfg = Debug|Any CPU
		{AF22A57E-90B7-4A03-A0B5-3972D0255AA2}.Debug|x64.Build.0 = Debug|Any CPU
		{AF22A57E-90B7-4A03-A0B5-3972D0255AA2}.Debug|x86.ActiveCfg = Debug|Any CPU
		{AF22A57E-90B7-4A03-A0B5-3972D0255AA2}.Debug|x86.Build.0 = Debug|Any CPU
		{AF22A57E-90B7-4A03-A0B5-3972D0255AA2}.Release|Any CPU.ActiveCfg = Release|Any CPU
		{AF22A57E-90B7-4A03-A0B5-3972D0255AA2}.Release|Any CPU.Build.0 = Release|Any CPU
		{AF22A57E-90B7-4A03-A0B5-3972D0255AA2}.Release|ARM.ActiveCfg = Release|Any CPU
		{AF22A57E-90B7-4A03-A0B5-3972D0255AA2}.Release|ARM.Build.0 = Release|Any CPU
		{AF22A57E-90B7-4A03-A0B5-3972D0255AA2}.Release|iPhone.ActiveCfg = Release|Any CPU
		{AF22A57E-90B7-4A03-A0B5-3972D0255AA2}.Release|iPhone.Build.0 = Release|Any CPU
		{AF22A57E-90B7-4A03-A0B5-3972D0255AA2}.Release|iPhoneSimulator.ActiveCfg = Release|Any CPU
		{AF22A57E-90B7-4A03-A0B5-3972D0255AA2}.Release|iPhoneSimulator.Build.0 = Release|Any CPU
		{AF22A57E-90B7-4A03-A0B5-3972D0255AA2}.Release|x64.ActiveCfg = Release|Any CPU
		{AF22A57E-90B7-4A03-A0B5-3972D0255AA2}.Release|x64.Build.0 = Release|Any CPU
		{AF22A57E-90B7-4A03-A0B5-3972D0255AA2}.Release|x86.ActiveCfg = Release|Any CPU
		{AF22A57E-90B7-4A03-A0B5-3972D0255AA2}.Release|x86.Build.0 = Release|Any CPU
		{2DA47331-7A18-4790-B75C-986E628B94D2}.Debug|Any CPU.ActiveCfg = Debug|Any CPU
		{2DA47331-7A18-4790-B75C-986E628B94D2}.Debug|Any CPU.Build.0 = Debug|Any CPU
		{2DA47331-7A18-4790-B75C-986E628B94D2}.Debug|ARM.ActiveCfg = Debug|Any CPU
		{2DA47331-7A18-4790-B75C-986E628B94D2}.Debug|ARM.Build.0 = Debug|Any CPU
		{2DA47331-7A18-4790-B75C-986E628B94D2}.Debug|iPhone.ActiveCfg = Debug|Any CPU
		{2DA47331-7A18-4790-B75C-986E628B94D2}.Debug|iPhone.Build.0 = Debug|Any CPU
		{2DA47331-7A18-4790-B75C-986E628B94D2}.Debug|iPhoneSimulator.ActiveCfg = Debug|Any CPU
		{2DA47331-7A18-4790-B75C-986E628B94D2}.Debug|iPhoneSimulator.Build.0 = Debug|Any CPU
		{2DA47331-7A18-4790-B75C-986E628B94D2}.Debug|x64.ActiveCfg = Debug|Any CPU
		{2DA47331-7A18-4790-B75C-986E628B94D2}.Debug|x64.Build.0 = Debug|Any CPU
		{2DA47331-7A18-4790-B75C-986E628B94D2}.Debug|x86.ActiveCfg = Debug|Any CPU
		{2DA47331-7A18-4790-B75C-986E628B94D2}.Debug|x86.Build.0 = Debug|Any CPU
		{2DA47331-7A18-4790-B75C-986E628B94D2}.Release|Any CPU.ActiveCfg = Release|Any CPU
		{2DA47331-7A18-4790-B75C-986E628B94D2}.Release|Any CPU.Build.0 = Release|Any CPU
		{2DA47331-7A18-4790-B75C-986E628B94D2}.Release|ARM.ActiveCfg = Release|Any CPU
		{2DA47331-7A18-4790-B75C-986E628B94D2}.Release|ARM.Build.0 = Release|Any CPU
		{2DA47331-7A18-4790-B75C-986E628B94D2}.Release|iPhone.ActiveCfg = Release|Any CPU
		{2DA47331-7A18-4790-B75C-986E628B94D2}.Release|iPhone.Build.0 = Release|Any CPU
		{2DA47331-7A18-4790-B75C-986E628B94D2}.Release|iPhoneSimulator.ActiveCfg = Release|Any CPU
		{2DA47331-7A18-4790-B75C-986E628B94D2}.Release|iPhoneSimulator.Build.0 = Release|Any CPU
		{2DA47331-7A18-4790-B75C-986E628B94D2}.Release|x64.ActiveCfg = Release|Any CPU
		{2DA47331-7A18-4790-B75C-986E628B94D2}.Release|x64.Build.0 = Release|Any CPU
		{2DA47331-7A18-4790-B75C-986E628B94D2}.Release|x86.ActiveCfg = Release|Any CPU
		{2DA47331-7A18-4790-B75C-986E628B94D2}.Release|x86.Build.0 = Release|Any CPU
		{5A004002-851A-41B2-A998-3991189C79D6}.Debug|Any CPU.ActiveCfg = Debug|Any CPU
		{5A004002-851A-41B2-A998-3991189C79D6}.Debug|Any CPU.Build.0 = Debug|Any CPU
		{5A004002-851A-41B2-A998-3991189C79D6}.Debug|ARM.ActiveCfg = Debug|Any CPU
		{5A004002-851A-41B2-A998-3991189C79D6}.Debug|ARM.Build.0 = Debug|Any CPU
		{5A004002-851A-41B2-A998-3991189C79D6}.Debug|iPhone.ActiveCfg = Debug|Any CPU
		{5A004002-851A-41B2-A998-3991189C79D6}.Debug|iPhone.Build.0 = Debug|Any CPU
		{5A004002-851A-41B2-A998-3991189C79D6}.Debug|iPhoneSimulator.ActiveCfg = Debug|Any CPU
		{5A004002-851A-41B2-A998-3991189C79D6}.Debug|iPhoneSimulator.Build.0 = Debug|Any CPU
		{5A004002-851A-41B2-A998-3991189C79D6}.Debug|x64.ActiveCfg = Debug|Any CPU
		{5A004002-851A-41B2-A998-3991189C79D6}.Debug|x64.Build.0 = Debug|Any CPU
		{5A004002-851A-41B2-A998-3991189C79D6}.Debug|x86.ActiveCfg = Debug|Any CPU
		{5A004002-851A-41B2-A998-3991189C79D6}.Debug|x86.Build.0 = Debug|Any CPU
		{5A004002-851A-41B2-A998-3991189C79D6}.Release|Any CPU.ActiveCfg = Release|Any CPU
		{5A004002-851A-41B2-A998-3991189C79D6}.Release|Any CPU.Build.0 = Release|Any CPU
		{5A004002-851A-41B2-A998-3991189C79D6}.Release|ARM.ActiveCfg = Release|Any CPU
		{5A004002-851A-41B2-A998-3991189C79D6}.Release|ARM.Build.0 = Release|Any CPU
		{5A004002-851A-41B2-A998-3991189C79D6}.Release|iPhone.ActiveCfg = Release|Any CPU
		{5A004002-851A-41B2-A998-3991189C79D6}.Release|iPhone.Build.0 = Release|Any CPU
		{5A004002-851A-41B2-A998-3991189C79D6}.Release|iPhoneSimulator.ActiveCfg = Release|Any CPU
		{5A004002-851A-41B2-A998-3991189C79D6}.Release|iPhoneSimulator.Build.0 = Release|Any CPU
		{5A004002-851A-41B2-A998-3991189C79D6}.Release|x64.ActiveCfg = Release|Any CPU
		{5A004002-851A-41B2-A998-3991189C79D6}.Release|x64.Build.0 = Release|Any CPU
		{5A004002-851A-41B2-A998-3991189C79D6}.Release|x86.ActiveCfg = Release|Any CPU
		{5A004002-851A-41B2-A998-3991189C79D6}.Release|x86.Build.0 = Release|Any CPU
		{5515B143-3C5B-4101-9F8D-0EED9BA2FABB}.Debug|Any CPU.ActiveCfg = Debug|Any CPU
		{5515B143-3C5B-4101-9F8D-0EED9BA2FABB}.Debug|Any CPU.Build.0 = Debug|Any CPU
		{5515B143-3C5B-4101-9F8D-0EED9BA2FABB}.Debug|ARM.ActiveCfg = Debug|Any CPU
		{5515B143-3C5B-4101-9F8D-0EED9BA2FABB}.Debug|ARM.Build.0 = Debug|Any CPU
		{5515B143-3C5B-4101-9F8D-0EED9BA2FABB}.Debug|iPhone.ActiveCfg = Debug|Any CPU
		{5515B143-3C5B-4101-9F8D-0EED9BA2FABB}.Debug|iPhone.Build.0 = Debug|Any CPU
		{5515B143-3C5B-4101-9F8D-0EED9BA2FABB}.Debug|iPhoneSimulator.ActiveCfg = Debug|Any CPU
		{5515B143-3C5B-4101-9F8D-0EED9BA2FABB}.Debug|iPhoneSimulator.Build.0 = Debug|Any CPU
		{5515B143-3C5B-4101-9F8D-0EED9BA2FABB}.Debug|x64.ActiveCfg = Debug|Any CPU
		{5515B143-3C5B-4101-9F8D-0EED9BA2FABB}.Debug|x64.Build.0 = Debug|Any CPU
		{5515B143-3C5B-4101-9F8D-0EED9BA2FABB}.Debug|x86.ActiveCfg = Debug|Any CPU
		{5515B143-3C5B-4101-9F8D-0EED9BA2FABB}.Debug|x86.Build.0 = Debug|Any CPU
		{5515B143-3C5B-4101-9F8D-0EED9BA2FABB}.Release|Any CPU.ActiveCfg = Release|Any CPU
		{5515B143-3C5B-4101-9F8D-0EED9BA2FABB}.Release|Any CPU.Build.0 = Release|Any CPU
		{5515B143-3C5B-4101-9F8D-0EED9BA2FABB}.Release|ARM.ActiveCfg = Release|Any CPU
		{5515B143-3C5B-4101-9F8D-0EED9BA2FABB}.Release|ARM.Build.0 = Release|Any CPU
		{5515B143-3C5B-4101-9F8D-0EED9BA2FABB}.Release|iPhone.ActiveCfg = Release|Any CPU
		{5515B143-3C5B-4101-9F8D-0EED9BA2FABB}.Release|iPhone.Build.0 = Release|Any CPU
		{5515B143-3C5B-4101-9F8D-0EED9BA2FABB}.Release|iPhoneSimulator.ActiveCfg = Release|Any CPU
		{5515B143-3C5B-4101-9F8D-0EED9BA2FABB}.Release|iPhoneSimulator.Build.0 = Release|Any CPU
		{5515B143-3C5B-4101-9F8D-0EED9BA2FABB}.Release|x64.ActiveCfg = Release|Any CPU
		{5515B143-3C5B-4101-9F8D-0EED9BA2FABB}.Release|x64.Build.0 = Release|Any CPU
		{5515B143-3C5B-4101-9F8D-0EED9BA2FABB}.Release|x86.ActiveCfg = Release|Any CPU
		{5515B143-3C5B-4101-9F8D-0EED9BA2FABB}.Release|x86.Build.0 = Release|Any CPU
		{E8866400-6346-450B-9E69-403011D6351F}.Debug|Any CPU.ActiveCfg = Debug|Any CPU
		{E8866400-6346-450B-9E69-403011D6351F}.Debug|Any CPU.Build.0 = Debug|Any CPU
		{E8866400-6346-450B-9E69-403011D6351F}.Debug|ARM.ActiveCfg = Debug|Any CPU
		{E8866400-6346-450B-9E69-403011D6351F}.Debug|ARM.Build.0 = Debug|Any CPU
		{E8866400-6346-450B-9E69-403011D6351F}.Debug|iPhone.ActiveCfg = Debug|Any CPU
		{E8866400-6346-450B-9E69-403011D6351F}.Debug|iPhone.Build.0 = Debug|Any CPU
		{E8866400-6346-450B-9E69-403011D6351F}.Debug|iPhoneSimulator.ActiveCfg = Debug|Any CPU
		{E8866400-6346-450B-9E69-403011D6351F}.Debug|iPhoneSimulator.Build.0 = Debug|Any CPU
		{E8866400-6346-450B-9E69-403011D6351F}.Debug|x64.ActiveCfg = Debug|Any CPU
		{E8866400-6346-450B-9E69-403011D6351F}.Debug|x64.Build.0 = Debug|Any CPU
		{E8866400-6346-450B-9E69-403011D6351F}.Debug|x86.ActiveCfg = Debug|Any CPU
		{E8866400-6346-450B-9E69-403011D6351F}.Debug|x86.Build.0 = Debug|Any CPU
		{E8866400-6346-450B-9E69-403011D6351F}.Release|Any CPU.ActiveCfg = Release|Any CPU
		{E8866400-6346-450B-9E69-403011D6351F}.Release|Any CPU.Build.0 = Release|Any CPU
		{E8866400-6346-450B-9E69-403011D6351F}.Release|ARM.ActiveCfg = Release|Any CPU
		{E8866400-6346-450B-9E69-403011D6351F}.Release|ARM.Build.0 = Release|Any CPU
		{E8866400-6346-450B-9E69-403011D6351F}.Release|iPhone.ActiveCfg = Release|Any CPU
		{E8866400-6346-450B-9E69-403011D6351F}.Release|iPhone.Build.0 = Release|Any CPU
		{E8866400-6346-450B-9E69-403011D6351F}.Release|iPhoneSimulator.ActiveCfg = Release|Any CPU
		{E8866400-6346-450B-9E69-403011D6351F}.Release|iPhoneSimulator.Build.0 = Release|Any CPU
		{E8866400-6346-450B-9E69-403011D6351F}.Release|x64.ActiveCfg = Release|Any CPU
		{E8866400-6346-450B-9E69-403011D6351F}.Release|x64.Build.0 = Release|Any CPU
		{E8866400-6346-450B-9E69-403011D6351F}.Release|x86.ActiveCfg = Release|Any CPU
		{E8866400-6346-450B-9E69-403011D6351F}.Release|x86.Build.0 = Release|Any CPU
	EndGlobalSection
	GlobalSection(SolutionProperties) = preSolution
		HideSolutionNode = FALSE
	EndGlobalSection
	GlobalSection(NestedProjects) = preSolution
		{F83A3AA0-CF85-4B9D-9A08-B4B40EDD31F2} = {9E7D3DC9-5559-4635-8281-1F7F4A2139DC}
		{F662E9AA-F0CA-479A-8B77-2816BD29EC69} = {F83A3AA0-CF85-4B9D-9A08-B4B40EDD31F2}
		{6BAF9682-4EB7-41E7-ABA6-C19EDE68E0E0} = {F662E9AA-F0CA-479A-8B77-2816BD29EC69}
		{5ECDBD91-A316-412E-AB3D-BC8242CA6B0F} = {F662E9AA-F0CA-479A-8B77-2816BD29EC69}
		{2BD1FE14-1E7F-4679-A974-CDA39E7596C3} = {F662E9AA-F0CA-479A-8B77-2816BD29EC69}
		{EF7CED64-F4F2-4658-BADD-CE8BACFC2628} = {F662E9AA-F0CA-479A-8B77-2816BD29EC69}
		{9A4110E9-9550-46F8-9D2E-28912ED4E203} = {9E7D3DC9-5559-4635-8281-1F7F4A2139DC}
		{4DD3BBE4-930E-4BC6-A287-A75F19A388F5} = {9E7D3DC9-5559-4635-8281-1F7F4A2139DC}
		{E54FBBB6-B1F2-458C-B7F5-DF3CB903C484} = {9A4110E9-9550-46F8-9D2E-28912ED4E203}
		{F1AABCD9-2638-464F-90C6-1DA2C6A8B6D4} = {9A4110E9-9550-46F8-9D2E-28912ED4E203}
		{AF22A57E-90B7-4A03-A0B5-3972D0255AA2} = {F83A3AA0-CF85-4B9D-9A08-B4B40EDD31F2}
		{2DA47331-7A18-4790-B75C-986E628B94D2} = {F662E9AA-F0CA-479A-8B77-2816BD29EC69}
		{3EF9C44E-7BE2-4ACF-928D-C771F9F8488C} = {F83A3AA0-CF85-4B9D-9A08-B4B40EDD31F2}
		{5A004002-851A-41B2-A998-3991189C79D6} = {3EF9C44E-7BE2-4ACF-928D-C771F9F8488C}
		{E2A780DF-8B13-4AEC-9631-6D06E55F1C9F} = {9ED14AEB-0592-470D-8EF4-84101200EBAC}
		{5515B143-3C5B-4101-9F8D-0EED9BA2FABB} = {E2A780DF-8B13-4AEC-9631-6D06E55F1C9F}
		{E8866400-6346-450B-9E69-403011D6351F} = {F662E9AA-F0CA-479A-8B77-2816BD29EC69}
	EndGlobalSection
	GlobalSection(ExtensibilityGlobals) = postSolution
		SolutionGuid = {A1036151-CF3D-4EE2-8849-D9E40B69BB12}
	EndGlobalSection
EndGlobal
